
Microsoft Visual Studio Solution File, Format Version 12.00
# Visual Studio Version 16
VisualStudioVersion = 16.0.32126.315
MinimumVisualStudioVersion = 10.0.40219.1
Project("{FAE04EC0-301F-11D3-BF4B-00C04F79EFBC}") = "Excellent.training.web", "Excellent.training.web\Excellent.training.web.csproj", "{60C9BCB5-B237-41F0-BB83-7ADB3265FDEC}"
EndProject
Project("{FAE04EC0-301F-11D3-BF4B-00C04F79EFBC}") = "Excellent.Training.Service", "Excellent.Training.Service\Excellent.Training.Service.csproj", "{19BA9C73-D786-4010-AAA3-9A9CA824F9C2}"
EndProject
Global
	GlobalSection(SolutionConfigurationPlatforms) = preSolution
		Debug|Any CPU = Debug|Any CPU
		Release|Any CPU = Release|Any CPU
	EndGlobalSection
	GlobalSection(ProjectConfigurationPlatforms) = postSolution
		{60C9BCB5-B237-41F0-BB83-7ADB3265FDEC}.Debug|Any CPU.ActiveCfg = Debug|Any CPU
		{60C9BCB5-B237-41F0-BB83-7ADB3265FDEC}.Debug|Any CPU.Build.0 = Debug|Any CPU
		{60C9BCB5-B237-41F0-BB83-7ADB3265FDEC}.Release|Any CPU.ActiveCfg = Release|Any CPU
		{60C9BCB5-B237-41F0-BB83-7ADB3265FDEC}.Release|Any CPU.Build.0 = Release|Any CPU
		{19BA9C73-D786-4010-AAA3-9A9CA824F9C2}.Debug|Any CPU.ActiveCfg = Debug|Any CPU
		{19BA9C73-D786-4010-AAA3-9A9CA824F9C2}.Debug|Any CPU.Build.0 = Debug|Any CPU
		{19BA9C73-D786-4010-AAA3-9A9CA824F9C2}.Release|Any CPU.ActiveCfg = Release|Any CPU
		{19BA9C73-D786-4010-AAA3-9A9CA824F9C2}.Release|Any CPU.Build.0 = Release|Any CPU
	EndGlobalSection
	GlobalSection(SolutionProperties) = preSolution
		HideSolutionNode = FALSE
	EndGlobalSection
	GlobalSection(ExtensibilityGlobals) = postSolution
		SolutionGuid = {4FA6CE83-CEEA-4289-9893-023870631821}
	EndGlobalSection
EndGlobal
