
Microsoft Visual Studio Solution File, Format Version 12.00
# Visual Studio Version 16
VisualStudioVersion = 16.0.32126.315
MinimumVisualStudioVersion = 10.0.40219.1
Project("{FAE04EC0-301F-11D3-BF4B-00C04F79EFBC}") = "BirdsRecord", "BirdsRecord\BirdsRecord.csproj", "{C79A332F-7373-465D-93EA-FA9053C1567E}"
EndProject
Project("{FAE04EC0-301F-11D3-BF4B-00C04F79EFBC}") = "BirdsRecord.Services", "BirdsRecord.Services\BirdsRecord.Services.csproj", "{AAB07264-6382-4C9C-8CD3-B627DD0ECF0F}"
EndProject
Global
	GlobalSection(SolutionConfigurationPlatforms) = preSolution
		Debug|Any CPU = Debug|Any CPU
		Release|Any CPU = Release|Any CPU
	EndGlobalSection
	GlobalSection(ProjectConfigurationPlatforms) = postSolution
		{C79A332F-7373-465D-93EA-FA9053C1567E}.Debug|Any CPU.ActiveCfg = Debug|Any CPU
		{C79A332F-7373-465D-93EA-FA9053C1567E}.Debug|Any CPU.Build.0 = Debug|Any CPU
		{C79A332F-7373-465D-93EA-FA9053C1567E}.Release|Any CPU.ActiveCfg = Release|Any CPU
		{C79A332F-7373-465D-93EA-FA9053C1567E}.Release|Any CPU.Build.0 = Release|Any CPU
		{AAB07264-6382-4C9C-8CD3-B627DD0ECF0F}.Debug|Any CPU.ActiveCfg = Debug|Any CPU
		{AAB07264-6382-4C9C-8CD3-B627DD0ECF0F}.Debug|Any CPU.Build.0 = Debug|Any CPU
		{AAB07264-6382-4C9C-8CD3-B627DD0ECF0F}.Release|Any CPU.ActiveCfg = Release|Any CPU
		{AAB07264-6382-4C9C-8CD3-B627DD0ECF0F}.Release|Any CPU.Build.0 = Release|Any CPU
	EndGlobalSection
	GlobalSection(SolutionProperties) = preSolution
		HideSolutionNode = FALSE
	EndGlobalSection
	GlobalSection(ExtensibilityGlobals) = postSolution
		SolutionGuid = {665C1C46-5355-4DBA-A4D8-2CD9FB5B789D}
	EndGlobalSection
EndGlobal
