
Microsoft Visual Studio Solution File, Format Version 12.00
# Visual Studio Version 16
VisualStudioVersion = 16.0.32126.315
MinimumVisualStudioVersion = 10.0.40219.1
Project("{9A19103F-16F7-4668-BE54-9A1E7A4F7556}") = "Hello.core.training.Services", "Hello.core.training.Services\Hello.core.training.Services.csproj", "{481FE8C9-C864-482C-A3E3-F68DABD6A54C}"
EndProject
Project("{FAE04EC0-301F-11D3-BF4B-00C04F79EFBC}") = "Hello.Core.Training.Main", "Hello.Core.Training.Main\Hello.Core.Training.Main.csproj", "{59F9A56A-AD00-464C-937C-646D25B46DB7}"
EndProject
Global
	GlobalSection(SolutionConfigurationPlatforms) = preSolution
		Debug|Any CPU = Debug|Any CPU
		Release|Any CPU = Release|Any CPU
	EndGlobalSection
	GlobalSection(ProjectConfigurationPlatforms) = postSolution
		{481FE8C9-C864-482C-A3E3-F68DABD6A54C}.Debug|Any CPU.ActiveCfg = Debug|Any CPU
		{481FE8C9-C864-482C-A3E3-F68DABD6A54C}.Debug|Any CPU.Build.0 = Debug|Any CPU
		{481FE8C9-C864-482C-A3E3-F68DABD6A54C}.Release|Any CPU.ActiveCfg = Release|Any CPU
		{481FE8C9-C864-482C-A3E3-F68DABD6A54C}.Release|Any CPU.Build.0 = Release|Any CPU
		{59F9A56A-AD00-464C-937C-646D25B46DB7}.Debug|Any CPU.ActiveCfg = Debug|Any CPU
		{59F9A56A-AD00-464C-937C-646D25B46DB7}.Debug|Any CPU.Build.0 = Debug|Any CPU
		{59F9A56A-AD00-464C-937C-646D25B46DB7}.Release|Any CPU.ActiveCfg = Release|Any CPU
		{59F9A56A-AD00-464C-937C-646D25B46DB7}.Release|Any CPU.Build.0 = Release|Any CPU
	EndGlobalSection
	GlobalSection(SolutionProperties) = preSolution
		HideSolutionNode = FALSE
	EndGlobalSection
	GlobalSection(ExtensibilityGlobals) = postSolution
		SolutionGuid = {006D02B2-9B1B-4BAF-8E6B-D55FE9DE3089}
	EndGlobalSection
EndGlobal
